
Microsoft Visual Studio Solution File, Format Version 12.00
# Visual Studio 15
VisualStudioVersion = 15.0.27428.2027
MinimumVisualStudioVersion = 10.0.40219.1
Project("{9A19103F-16F7-4668-BE54-9A1E7A4F7556}") = "ConnectionLibrary", "ConnectionLibrary\ConnectionLibrary.csproj", "{B9EACE02-50A9-4B9B-AADB-F3605FC0CB37}"
EndProject
Project("{FAE04EC0-301F-11D3-BF4B-00C04F79EFBC}") = "TcpChat", "TcpChat\TcpChat.csproj", "{28BB6587-2255-4D42-81A5-2DDC2CF96C4D}"
EndProject
Project("{9A19103F-16F7-4668-BE54-9A1E7A4F7556}") = "Log4NetProj", "Log4NetProj\Log4NetProj.csproj", "{BFD7CF56-BDFA-47B9-9730-F388486D6601}"
EndProject
Global
	GlobalSection(SolutionConfigurationPlatforms) = preSolution
		Debug|Any CPU = Debug|Any CPU
		Release|Any CPU = Release|Any CPU
	EndGlobalSection
	GlobalSection(ProjectConfigurationPlatforms) = postSolution
		{B9EACE02-50A9-4B9B-AADB-F3605FC0CB37}.Debug|Any CPU.ActiveCfg = Debug|Any CPU
		{B9EACE02-50A9-4B9B-AADB-F3605FC0CB37}.Debug|Any CPU.Build.0 = Debug|Any CPU
		{B9EACE02-50A9-4B9B-AADB-F3605FC0CB37}.Release|Any CPU.ActiveCfg = Release|Any CPU
		{B9EACE02-50A9-4B9B-AADB-F3605FC0CB37}.Release|Any CPU.Build.0 = Release|Any CPU
		{28BB6587-2255-4D42-81A5-2DDC2CF96C4D}.Debug|Any CPU.ActiveCfg = Debug|Any CPU
		{28BB6587-2255-4D42-81A5-2DDC2CF96C4D}.Debug|Any CPU.Build.0 = Debug|Any CPU
		{28BB6587-2255-4D42-81A5-2DDC2CF96C4D}.Release|Any CPU.ActiveCfg = Release|Any CPU
		{28BB6587-2255-4D42-81A5-2DDC2CF96C4D}.Release|Any CPU.Build.0 = Release|Any CPU
		{BFD7CF56-BDFA-47B9-9730-F388486D6601}.Debug|Any CPU.ActiveCfg = Debug|Any CPU
		{BFD7CF56-BDFA-47B9-9730-F388486D6601}.Debug|Any CPU.Build.0 = Debug|Any CPU
		{BFD7CF56-BDFA-47B9-9730-F388486D6601}.Release|Any CPU.ActiveCfg = Release|Any CPU
		{BFD7CF56-BDFA-47B9-9730-F388486D6601}.Release|Any CPU.Build.0 = Release|Any CPU
	EndGlobalSection
	GlobalSection(SolutionProperties) = preSolution
		HideSolutionNode = FALSE
	EndGlobalSection
	GlobalSection(ExtensibilityGlobals) = postSolution
		SolutionGuid = {8CAFC1DF-1BEE-442A-8EBB-3EC9FDF8CF5E}
	EndGlobalSection
EndGlobal
